
Microsoft Visual Studio Solution File, Format Version 12.00
# Visual Studio Version 17
VisualStudioVersion = 17.0.31612.314
MinimumVisualStudioVersion = 10.0.40219.1
Project("{FAE04EC0-301F-11D3-BF4B-00C04F79EFBC}") = "MakeArrayConsecutive2_CodeSignal_Core_Test42", "MakeArrayConsecutive2_CodeSignal_Core_Test42\MakeArrayConsecutive2_CodeSignal_Core_Test42.csproj", "{662834EC-7672-4FE7-AEB7-00D1AC74C324}"
EndProject
Global
	GlobalSection(SolutionConfigurationPlatforms) = preSolution
		Debug|Any CPU = Debug|Any CPU
		Release|Any CPU = Release|Any CPU
	EndGlobalSection
	GlobalSection(ProjectConfigurationPlatforms) = postSolution
		{662834EC-7672-4FE7-AEB7-00D1AC74C324}.Debug|Any CPU.ActiveCfg = Debug|Any CPU
		{662834EC-7672-4FE7-AEB7-00D1AC74C324}.Debug|Any CPU.Build.0 = Debug|Any CPU
		{662834EC-7672-4FE7-AEB7-00D1AC74C324}.Release|Any CPU.ActiveCfg = Release|Any CPU
		{662834EC-7672-4FE7-AEB7-00D1AC74C324}.Release|Any CPU.Build.0 = Release|Any CPU
	EndGlobalSection
	GlobalSection(SolutionProperties) = preSolution
		HideSolutionNode = FALSE
	EndGlobalSection
	GlobalSection(ExtensibilityGlobals) = postSolution
		SolutionGuid = {98269464-CED7-48C0-BE01-B8CCE5CB07B9}
	EndGlobalSection
EndGlobal
